
Microsoft Visual Studio Solution File, Format Version 12.00
# Visual Studio 15
VisualStudioVersion = 15.0.27130.2010
MinimumVisualStudioVersion = 10.0.40219.1
Project("{2150E333-8FDC-42A3-9474-1A3956D46DE8}") = "Engine", "Engine", "{52A1DBBA-2734-427B-838F-1134359C4909}"
EndProject
Project("{2150E333-8FDC-42A3-9474-1A3956D46DE8}") = "Games", "Games", "{B684F341-F750-4B91-8B25-B7EBB1AD530F}"
EndProject
Project("{8BC9CEB8-8B4A-11D0-8D11-00A0C91BC942}") = "UE4", "Intermediate\ProjectFiles\UE4.vcxproj", "{190BCE8A-67B4-4F15-94D1-9011FC217742}"
EndProject
Project("{8BC9CEB8-8B4A-11D0-8D11-00A0C91BC942}") = "BuildingEscape", "Intermediate\ProjectFiles\BuildingEscape.vcxproj", "{E02D3D01-4E17-4DAA-99B5-BCF93CF6C347}"
EndProject
Global
	GlobalSection(SolutionConfigurationPlatforms) = preSolution
		DebugGame Editor|HTML5 = DebugGame Editor|HTML5
		DebugGame Editor|Win32 = DebugGame Editor|Win32
		DebugGame Editor|Win64 = DebugGame Editor|Win64
		DebugGame|HTML5 = DebugGame|HTML5
		DebugGame|Win32 = DebugGame|Win32
		DebugGame|Win64 = DebugGame|Win64
		Development Editor|HTML5 = Development Editor|HTML5
		Development Editor|Win32 = Development Editor|Win32
		Development Editor|Win64 = Development Editor|Win64
		Development|HTML5 = Development|HTML5
		Development|Win32 = Development|Win32
		Development|Win64 = Development|Win64
		Shipping|HTML5 = Shipping|HTML5
		Shipping|Win32 = Shipping|Win32
		Shipping|Win64 = Shipping|Win64
	EndGlobalSection
	GlobalSection(ProjectConfigurationPlatforms) = postSolution
		{190BCE8A-67B4-4F15-94D1-9011FC217742}.DebugGame Editor|HTML5.ActiveCfg = BuiltWithUnrealBuildTool|Win32
		{190BCE8A-67B4-4F15-94D1-9011FC217742}.DebugGame Editor|HTML5.Build.0 = BuiltWithUnrealBuildTool|Win32
		{190BCE8A-67B4-4F15-94D1-9011FC217742}.DebugGame Editor|Win32.ActiveCfg = BuiltWithUnrealBuildTool|Win32
		{190BCE8A-67B4-4F15-94D1-9011FC217742}.DebugGame Editor|Win32.Build.0 = BuiltWithUnrealBuildTool|Win32
		{190BCE8A-67B4-4F15-94D1-9011FC217742}.DebugGame Editor|Win64.ActiveCfg = BuiltWithUnrealBuildTool|Win32
		{190BCE8A-67B4-4F15-94D1-9011FC217742}.DebugGame Editor|Win64.Build.0 = BuiltWithUnrealBuildTool|Win32
		{190BCE8A-67B4-4F15-94D1-9011FC217742}.DebugGame|HTML5.ActiveCfg = BuiltWithUnrealBuildTool|Win32
		{190BCE8A-67B4-4F15-94D1-9011FC217742}.DebugGame|HTML5.Build.0 = BuiltWithUnrealBuildTool|Win32
		{190BCE8A-67B4-4F15-94D1-9011FC217742}.DebugGame|Win32.ActiveCfg = BuiltWithUnrealBuildTool|Win32
		{190BCE8A-67B4-4F15-94D1-9011FC217742}.DebugGame|Win32.Build.0 = BuiltWithUnrealBuildTool|Win32
		{190BCE8A-67B4-4F15-94D1-9011FC217742}.DebugGame|Win64.ActiveCfg = BuiltWithUnrealBuildTool|Win32
		{190BCE8A-67B4-4F15-94D1-9011FC217742}.DebugGame|Win64.Build.0 = BuiltWithUnrealBuildTool|Win32
		{190BCE8A-67B4-4F15-94D1-9011FC217742}.Development Editor|HTML5.ActiveCfg = BuiltWithUnrealBuildTool|Win32
		{190BCE8A-67B4-4F15-94D1-9011FC217742}.Development Editor|HTML5.Build.0 = BuiltWithUnrealBuildTool|Win32
		{190BCE8A-67B4-4F15-94D1-9011FC217742}.Development Editor|Win32.ActiveCfg = BuiltWithUnrealBuildTool|Win32
		{190BCE8A-67B4-4F15-94D1-9011FC217742}.Development Editor|Win32.Build.0 = BuiltWithUnrealBuildTool|Win32
		{190BCE8A-67B4-4F15-94D1-9011FC217742}.Development Editor|Win64.ActiveCfg = BuiltWithUnrealBuildTool|Win32
		{190BCE8A-67B4-4F15-94D1-9011FC217742}.Development Editor|Win64.Build.0 = BuiltWithUnrealBuildTool|Win32
		{190BCE8A-67B4-4F15-94D1-9011FC217742}.Development|HTML5.ActiveCfg = BuiltWithUnrealBuildTool|Win32
		{190BCE8A-67B4-4F15-94D1-9011FC217742}.Development|HTML5.Build.0 = BuiltWithUnrealBuildTool|Win32
		{190BCE8A-67B4-4F15-94D1-9011FC217742}.Development|Win32.ActiveCfg = BuiltWithUnrealBuildTool|Win32
		{190BCE8A-67B4-4F15-94D1-9011FC217742}.Development|Win32.Build.0 = BuiltWithUnrealBuildTool|Win32
		{190BCE8A-67B4-4F15-94D1-9011FC217742}.Development|Win64.ActiveCfg = BuiltWithUnrealBuildTool|Win32
		{190BCE8A-67B4-4F15-94D1-9011FC217742}.Development|Win64.Build.0 = BuiltWithUnrealBuildTool|Win32
		{190BCE8A-67B4-4F15-94D1-9011FC217742}.Shipping|HTML5.ActiveCfg = BuiltWithUnrealBuildTool|Win32
		{190BCE8A-67B4-4F15-94D1-9011FC217742}.Shipping|HTML5.Build.0 = BuiltWithUnrealBuildTool|Win32
		{190BCE8A-67B4-4F15-94D1-9011FC217742}.Shipping|Win32.ActiveCfg = BuiltWithUnrealBuildTool|Win32
		{190BCE8A-67B4-4F15-94D1-9011FC217742}.Shipping|Win32.Build.0 = BuiltWithUnrealBuildTool|Win32
		{190BCE8A-67B4-4F15-94D1-9011FC217742}.Shipping|Win64.ActiveCfg = BuiltWithUnrealBuildTool|Win32
		{190BCE8A-67B4-4F15-94D1-9011FC217742}.Shipping|Win64.Build.0 = BuiltWithUnrealBuildTool|Win32
		{E02D3D01-4E17-4DAA-99B5-BCF93CF6C347}.DebugGame Editor|HTML5.ActiveCfg = HTML5_DebugGame_Editor|Win32
		{E02D3D01-4E17-4DAA-99B5-BCF93CF6C347}.DebugGame Editor|Win32.ActiveCfg = DebugGame_Editor|Win32
		{E02D3D01-4E17-4DAA-99B5-BCF93CF6C347}.DebugGame Editor|Win64.ActiveCfg = DebugGame_Editor|x64
		{E02D3D01-4E17-4DAA-99B5-BCF93CF6C347}.DebugGame Editor|Win64.Build.0 = DebugGame_Editor|x64
		{E02D3D01-4E17-4DAA-99B5-BCF93CF6C347}.DebugGame|HTML5.ActiveCfg = HTML5_DebugGame_Game|Win32
		{E02D3D01-4E17-4DAA-99B5-BCF93CF6C347}.DebugGame|HTML5.Build.0 = HTML5_DebugGame_Game|Win32
		{E02D3D01-4E17-4DAA-99B5-BCF93CF6C347}.DebugGame|Win32.ActiveCfg = DebugGame_Game|Win32
		{E02D3D01-4E17-4DAA-99B5-BCF93CF6C347}.DebugGame|Win32.Build.0 = DebugGame_Game|Win32
		{E02D3D01-4E17-4DAA-99B5-BCF93CF6C347}.DebugGame|Win64.ActiveCfg = DebugGame_Game|x64
		{E02D3D01-4E17-4DAA-99B5-BCF93CF6C347}.DebugGame|Win64.Build.0 = DebugGame_Game|x64
		{E02D3D01-4E17-4DAA-99B5-BCF93CF6C347}.Development Editor|HTML5.ActiveCfg = HTML5_Development_Editor|Win32
		{E02D3D01-4E17-4DAA-99B5-BCF93CF6C347}.Development Editor|Win32.ActiveCfg = Development_Editor|Win32
		{E02D3D01-4E17-4DAA-99B5-BCF93CF6C347}.Development Editor|Win64.ActiveCfg = Development_Editor|x64
		{E02D3D01-4E17-4DAA-99B5-BCF93CF6C347}.Development Editor|Win64.Build.0 = Development_Editor|x64
		{E02D3D01-4E17-4DAA-99B5-BCF93CF6C347}.Development|HTML5.ActiveCfg = HTML5_Development_Game|Win32
		{E02D3D01-4E17-4DAA-99B5-BCF93CF6C347}.Development|HTML5.Build.0 = HTML5_Development_Game|Win32
		{E02D3D01-4E17-4DAA-99B5-BCF93CF6C347}.Development|Win32.ActiveCfg = Development_Game|Win32
		{E02D3D01-4E17-4DAA-99B5-BCF93CF6C347}.Development|Win32.Build.0 = Development_Game|Win32
		{E02D3D01-4E17-4DAA-99B5-BCF93CF6C347}.Development|Win64.ActiveCfg = Development_Game|x64
		{E02D3D01-4E17-4DAA-99B5-BCF93CF6C347}.Development|Win64.Build.0 = Development_Game|x64
		{E02D3D01-4E17-4DAA-99B5-BCF93CF6C347}.Shipping|HTML5.ActiveCfg = HTML5_Shipping_Game|Win32
		{E02D3D01-4E17-4DAA-99B5-BCF93CF6C347}.Shipping|HTML5.Build.0 = HTML5_Shipping_Game|Win32
		{E02D3D01-4E17-4DAA-99B5-BCF93CF6C347}.Shipping|Win32.ActiveCfg = Shipping_Game|Win32
		{E02D3D01-4E17-4DAA-99B5-BCF93CF6C347}.Shipping|Win32.Build.0 = Shipping_Game|Win32
		{E02D3D01-4E17-4DAA-99B5-BCF93CF6C347}.Shipping|Win64.ActiveCfg = Shipping_Game|x64
		{E02D3D01-4E17-4DAA-99B5-BCF93CF6C347}.Shipping|Win64.Build.0 = Shipping_Game|x64
	EndGlobalSection
	GlobalSection(SolutionProperties) = preSolution
		HideSolutionNode = FALSE
	EndGlobalSection
	GlobalSection(NestedProjects) = preSolution
		{190BCE8A-67B4-4F15-94D1-9011FC217742} = {52A1DBBA-2734-427B-838F-1134359C4909}
		{E02D3D01-4E17-4DAA-99B5-BCF93CF6C347} = {B684F341-F750-4B91-8B25-B7EBB1AD530F}
	EndGlobalSection
	GlobalSection(ExtensibilityGlobals) = postSolution
		SolutionGuid = {526F84BE-F094-41C0-9E67-9413F772DBB2}
	EndGlobalSection
EndGlobal
